
Microsoft Visual Studio Solution File, Format Version 12.00
# Visual Studio Version 17
VisualStudioVersion = 17.14.36811.4 d17.14
MinimumVisualStudioVersion = 10.0.40219.1
Project("{6989167D-11E4-40FE-8C1A-2192A86A7E90}") = "Fortran", "Fortran\Fortran.vfproj", "{410EB48F-70D3-6A28-C8B7-9865B22814EB}"
EndProject
Global
	GlobalSection(SolutionConfigurationPlatforms) = preSolution
		Debug|x64 = Debug|x64
		Debug|x86 = Debug|x86
		Release|x64 = Release|x64
		Release|x86 = Release|x86
	EndGlobalSection
	GlobalSection(ProjectConfigurationPlatforms) = postSolution
		{410EB48F-70D3-6A28-C8B7-9865B22814EB}.Debug|x64.ActiveCfg = Debug|x64
		{410EB48F-70D3-6A28-C8B7-9865B22814EB}.Debug|x64.Build.0 = Debug|x64
		{410EB48F-70D3-6A28-C8B7-9865B22814EB}.Debug|x86.ActiveCfg = Debug|Win32
		{410EB48F-70D3-6A28-C8B7-9865B22814EB}.Debug|x86.Build.0 = Debug|Win32
		{410EB48F-70D3-6A28-C8B7-9865B22814EB}.Release|x64.ActiveCfg = Release|x64
		{410EB48F-70D3-6A28-C8B7-9865B22814EB}.Release|x64.Build.0 = Release|x64
		{410EB48F-70D3-6A28-C8B7-9865B22814EB}.Release|x86.ActiveCfg = Release|Win32
		{410EB48F-70D3-6A28-C8B7-9865B22814EB}.Release|x86.Build.0 = Release|Win32
	EndGlobalSection
	GlobalSection(SolutionProperties) = preSolution
		HideSolutionNode = FALSE
	EndGlobalSection
	GlobalSection(ExtensibilityGlobals) = postSolution
		SolutionGuid = {9148E01C-DEFB-4965-933A-76D30F97E955}
	EndGlobalSection
EndGlobal
